
Microsoft Visual Studio Solution File, Format Version 12.00
# Visual Studio Version 16
VisualStudioVersion = 16.0.31729.503
MinimumVisualStudioVersion = 10.0.40219.1
Project("{FAE04EC0-301F-11D3-BF4B-00C04F79EFBC}") = "WebApplication28", "WebApplication28\WebApplication28.csproj", "{8F136C8E-F693-415B-844A-C841C4A53C83}"
EndProject
Global
	GlobalSection(SolutionConfigurationPlatforms) = preSolution
		Debug|Any CPU = Debug|Any CPU
		Release|Any CPU = Release|Any CPU
	EndGlobalSection
	GlobalSection(ProjectConfigurationPlatforms) = postSolution
		{8F136C8E-F693-415B-844A-C841C4A53C83}.Debug|Any CPU.ActiveCfg = Debug|Any CPU
		{8F136C8E-F693-415B-844A-C841C4A53C83}.Debug|Any CPU.Build.0 = Debug|Any CPU
		{8F136C8E-F693-415B-844A-C841C4A53C83}.Release|Any CPU.ActiveCfg = Release|Any CPU
		{8F136C8E-F693-415B-844A-C841C4A53C83}.Release|Any CPU.Build.0 = Release|Any CPU
	EndGlobalSection
	GlobalSection(SolutionProperties) = preSolution
		HideSolutionNode = FALSE
	EndGlobalSection
	GlobalSection(ExtensibilityGlobals) = postSolution
		SolutionGuid = {A76262B4-D893-4614-B028-7F0BA40DBA27}
	EndGlobalSection
EndGlobal
